// !$*UTF8*$!
{
	archiveVersion = 1;
	classes = {
	};
	objectVersion = 77;
	objects = {

/* Begin PBXBuildFile section */
		57CC47C03030CD5C00BABA59 /* FirebaseCore in Frameworks */ = {isa = PBXBuildFile; productRef = 57CC47BF3030CD5C00BABA59 /* FirebaseCore */; };
		57CC47C23030CD6A00BABA59 /* FirebaseAuth in Frameworks */ = {isa = PBXBuildFile; productRef = 57CC47C13030CD6A00BABA59 /* FirebaseAuth */; };
		57CC47C43030CDA700BABA59 /* FirebaseFirestore in Frameworks */ = {isa = PBXBuildFile; productRef = 57CC47C33030CDA700BABA59 /* FirebaseFirestore */; };
		57CC47C63030CDAE00BABA59 /* FirebaseDatabase in Frameworks */ = {isa = PBXBuildFile; productRef = 57CC47C53030CDAE00BABA59 /* FirebaseDatabase */; };
		57CC47C83030CDBD00BABA59 /* FirebaseAnalytics in Frameworks */ = {isa = PBXBuildFile; productRef = 57CC47C73030CDBD00BABA59 /* FirebaseAnalytics */; };
		57CC47CA3030CDCE00BABA59 /* FirebaseCrashlytics in Frameworks */ = {isa = PBXBuildFile; productRef = 57CC47C93030CDCE00BABA59 /* FirebaseCrashlytics */; };
		57CC47CC3030CDD800BABA59 /* FirebaseMessaging in Frameworks */ = {isa = PBXBuildFile; productRef = 57CC47CB3030CDD800BABA59 /* FirebaseMessaging */; };
/* End PBXBuildFile section */

/* Begin PBXFileReference section */
		579FBA79302DCE4D00EB6407 /* expensio.app */ = {isa = PBXFileReference; explicitFileType = wrapper.application; includeInIndex = 0; path = expensio.app; sourceTree = BUILT_PRODUCTS_DIR; };
/* End PBXFileReference section */

/* Begin PBXFileSystemSynchronizedBuildFileExceptionSet section */
		579FBA8B302DCE4F00EB6407 /* Exceptions for "expensio" folder in "expensio" target */ = {
			isa = PBXFileSystemSynchronizedBuildFileExceptionSet;
			membershipExceptions = (
				Info.plist,
			);
			target = 579FBA78302DCE4D00EB6407 /* expensio */;
		};
/* End PBXFileSystemSynchronizedBuildFileExceptionSet section */

/* Begin PBXFileSystemSynchronizedRootGroup section */
		579FBA7B302DCE4D00EB6407 /* expensio */ = {
			isa = PBXFileSystemSynchronizedRootGroup;
			exceptions = (
				579FBA8B302DCE4F00EB6407 /* Exceptions for "expensio" folder in "expensio" target */,
			);
			path = expensio;
			sourceTree = "<group>";
		};
/* End PBXFileSystemSynchronizedRootGroup section */

/* Begin PBXFrameworksBuildPhase section */
		579FBA76302DCE4D00EB6407 /* Frameworks */ = {
			isa = PBXFrameworksBuildPhase;
			buildActionMask = 2147483647;
			files = (
				57CC47C03030CD5C00BABA59 /* FirebaseCore in Frameworks */,
				57CC47C23030CD6A00BABA59 /* FirebaseAuth in Frameworks */,
				57CC47CC3030CDD800BABA59 /* FirebaseMessaging in Frameworks */,
				57CC47C63030CDAE00BABA59 /* FirebaseDatabase in Frameworks */,
				57CC47CA3030CDCE00BABA59 /* FirebaseCrashlytics in Frameworks */,
				57CC47C83030CDBD00BABA59 /* FirebaseAnalytics in Frameworks */,
				57CC47C43030CDA700BABA59 /* FirebaseFirestore in Frameworks */,
			);
			runOnlyForDeploymentPostprocessing = 0;
		};
/* End PBXFrameworksBuildPhase section */

/* Begin PBXGroup section */
		579FBA70302DCE4D00EB6407 = {
			isa = PBXGroup;
			children = (
				579FBA7B302DCE4D00EB6407 /* expensio */,
				57CC47BE3030CD5C00BABA59 /* Frameworks */,
				579FBA7A302DCE4D00EB6407 /* Products */,
			);
			sourceTree = "<group>";
		};
		579FBA7A302DCE4D00EB6407 /* Products */ = {
			isa = PBXGroup;
			children = (
				579FBA79302DCE4D00EB6407 /* expensio.app */,
			);
			name = Products;
			sourceTree = "<group>";
		};
		57CC47BE3030CD5C00BABA59 /* Frameworks */ = {
			isa = PBXGroup;
			children = (
			);
			name = Frameworks;
			sourceTree = "<group>";
		};
/* End PBXGroup section */

/* Begin PBXNativeTarget section */
		579FBA78302DCE4D00EB6407 /* expensio */ = {
			isa = PBXNativeTarget;
			buildConfigurationList = 579FBA8C302DCE4F00EB6407 /* Build configuration list for PBXNativeTarget "expensio" */;
			buildPhases = (
				579FBA75302DCE4D00EB6407 /* Sources */,
				579FBA76302DCE4D00EB6407 /* Frameworks */,
				579FBA77302DCE4D00EB6407 /* Resources */,
			);
			buildRules = (
			);
			dependencies = (
			);
			fileSystemSynchronizedGroups = (
				579FBA7B302DCE4D00EB6407 /* expensio */,
			);
			name = expensio;
			packageProductDependencies = (
				57CC47BF3030CD5C00BABA59 /* FirebaseCore */,
				57CC47C13030CD6A00BABA59 /* FirebaseAuth */,
				57CC47C33030CDA700BABA59 /* FirebaseFirestore */,
				57CC47C53030CDAE00BABA59 /* FirebaseDatabase */,
				57CC47C73030CDBD00BABA59 /* FirebaseAnalytics */,
				57CC47C93030CDCE00BABA59 /* FirebaseCrashlytics */,
				57CC47CB3030CDD800BABA59 /* FirebaseMessaging */,
			);
			productName = expensio;
			productReference = 579FBA79302DCE4D00EB6407 /* expensio.app */;
			productType = "com.apple.product-type.application";
		};
/* End PBXNativeTarget section */

/* Begin PBXProject section */
		579FBA71302DCE4D00EB6407 /* Project object */ = {
			isa = PBXProject;
			attributes = {
				BuildIndependentTargetsInParallel = 1;
				LastSwiftUpdateCheck = 2660;
				LastUpgradeCheck = 2660;
				ORGANIZATIONNAME = polytechnic;
				TargetAttributes = {
					579FBA78302DCE4D00EB6407 = {
						CreatedOnToolsVersion = 26.6;
					};
				};
			};
			buildConfigurationList = 579FBA74302DCE4D00EB6407 /* Build configuration list for PBXProject "expensio" */;
			developmentRegion = en;
			hasScannedForEncodings = 0;
			knownRegions = (
				en,
				Base,
				Screens,
				screens,
			);
			mainGroup = 579FBA70302DCE4D00EB6407;
			minimizedProjectReferenceProxies = 1;
			packageReferences = (
				57CC47BD3030C9EB00BABA59 /* XCRemoteSwiftPackageReference "firebase-ios-sdk" */,
			);
			preferredProjectObjectVersion = 77;
			productRefGroup = 579FBA7A302DCE4D00EB6407 /* Products */;
			projectDirPath = "";
			projectRoot = "";
			targets = (
				579FBA78302DCE4D00EB6407 /* expensio */,
			);
		};
/* End PBXProject section */

/* Begin PBXResourcesBuildPhase section */
		579FBA77302DCE4D00EB6407 /* Resources */ = {
			isa = PBXResourcesBuildPhase;
			buildActionMask = 2147483647;
			files = (
			);
			runOnlyForDeploymentPostprocessing = 0;
		};
/* End PBXResourcesBuildPhase section */

/* Begin PBXSourcesBuildPhase section */
		579FBA75302DCE4D00EB6407 /* Sources */ = {
			isa = PBXSourcesBuildPhase;
			buildActionMask = 2147483647;
			files = (
			);
			runOnlyForDeploymentPostprocessing = 0;
		};
/* End PBXSourcesBuildPhase section */

/* Begin XCBuildConfiguration section */
		579FBA8D302DCE4F00EB6407 /* Debug */ = {
			isa = XCBuildConfiguration;
			buildSettings = {
				ASSETCATALOG_COMPILER_APPICON_NAME = AppIcon;
				ASSETCATALOG_COMPILER_GLOBAL_ACCENT_COLOR_NAME = AccentColor;
				CODE_SIGN_STYLE = Automatic;
				CURRENT_PROJECT_VERSION = 1;
				DEVELOPMENT_TEAM = 3WZ7N6387Y;
				GENERATE_INFOPLIST_FILE = YES;
				INFOPLIST_FILE = expensio/Info.plist;
				INFOPLIST_KEY_UIApplicationSupportsIndirectInputEvents = YES;
				INFOPLIST_KEY_UILaunchStoryboardName = LaunchScreen;
				INFOPLIST_KEY_UIMainStoryboardFile = Main;
				INFOPLIST_KEY_UISupportedInterfaceOrientations_iPad = "UIInterfaceOrientationPortrait UIInterfaceOrientationPortraitUpsideDown UIInterfaceOrientationLandscapeLeft UIInterfaceOrientationLandscapeRight";
				INFOPLIST_KEY_UISupportedInterfaceOrientations_iPhone = "UIInterfaceOrientationPortrait UIInterfaceOrientationLandscapeLeft UIInterfaceOrientationLandscapeRight";
				LD_RUNPATH_SEARCH_PATHS = (
					"$(inherited)",
					"@executable_path/Frameworks",
				);
				MARKETING_VERSION = 1.0;
				PRODUCT_BUNDLE_IDENTIFIER = com.polytechic.expensio;
				PRODUCT_NAME = "$(TARGET_NAME)";
				STRING_CATALOG_GENERATE_SYMBOLS = YES;
				SWIFT_APPROACHABLE_CONCURRENCY = YES;
				SWIFT_DEFAULT_ACTOR_ISOLATION = MainActor;
				SWIFT_EMIT_LOC_STRINGS = YES;
				SWIFT_UPCOMING_FEATURE_MEMBER_IMPORT_VISIBILITY = YES;
				SWIFT_VERSION = 5.0;
				TARGETED_DEVICE_FAMILY = "1,2";
			};
			name = Debug;
		};
		579FBA8E302DCE4F00EB6407 /* Release */ = {
			isa = XCBuildConfiguration;
			buildSettings = {
				ASSETCATALOG_COMPILER_APPICON_NAME = AppIcon;
				ASSETCATALOG_COMPILER_GLOBAL_ACCENT_COLOR_NAME = AccentColor;
				CODE_SIGN_STYLE = Automatic;
				CURRENT_PROJECT_VERSION = 1;
				DEVELOPMENT_TEAM = 3WZ7N6387Y;
				GENERATE_INFOPLIST_FILE = YES;
				INFOPLIST_FILE = expensio/Info.plist;
				INFOPLIST_KEY_UIApplicationSupportsIndirectInputEvents = YES;
				INFOPLIST_KEY_UILaunchStoryboardName = LaunchScreen;
				INFOPLIST_KEY_UIMainStoryboardFile = Main;
				INFOPLIST_KEY_UISupportedInterfaceOrientations_iPad = "UIInterfaceOrientationPortrait UIInterfaceOrientationPortraitUpsideDown UIInterfaceOrientationLandscapeLeft UIInterfaceOrientationLandscapeRight";
				INFOPLIST_KEY_UISupportedInterfaceOrientations_iPhone = "UIInterfaceOrientationPortrait UIInterfaceOrientationLandscapeLeft UIInterfaceOrientationLandscapeRight";
				LD_RUNPATH_SEARCH_PATHS = (
					"$(inherited)",
					"@executable_path/Frameworks",
				);
				MARKETING_VERSION = 1.0;
				PRODUCT_BUNDLE_IDENTIFIER = com.polytechic.expensio;
				PRODUCT_NAME = "$(TARGET_NAME)";
				STRING_CATALOG_GENERATE_SYMBOLS = YES;
				SWIFT_APPROACHABLE_CONCURRENCY = YES;
				SWIFT_DEFAULT_ACTOR_ISOLATION = MainActor;
				SWIFT_EMIT_LOC_STRINGS = YES;
				SWIFT_UPCOMING_FEATURE_MEMBER_IMPORT_VISIBILITY = YES;
				SWIFT_VERSION = 5.0;
				TARGETED_DEVICE_FAMILY = "1,2";
			};
			name = Release;
		};
		579FBA8F302DCE4F00EB6407 /* Debug */ = {
			isa = XCBuildConfiguration;
			buildSettings = {
				ALWAYS_SEARCH_USER_PATHS = NO;
				ASSETCATALOG_COMPILER_GENERATE_SWIFT_ASSET_SYMBOL_EXTENSIONS = YES;
				CLANG_ANALYZER_NONNULL = YES;
				CLANG_ANALYZER_NUMBER_OBJECT_CONVERSION = YES_AGGRESSIVE;
				CLANG_CXX_LANGUAGE_STANDARD = "gnu++20";
				CLANG_ENABLE_MODULES = YES;
				CLANG_ENABLE_OBJC_ARC = YES;
				CLANG_ENABLE_OBJC_WEAK = YES;
				CLANG_WARN_BLOCK_CAPTURE_AUTORELEASING = YES;
				CLANG_WARN_BOOL_CONVERSION = YES;
				CLANG_WARN_COMMA = YES;
				CLANG_WARN_CONSTANT_CONVERSION = YES;
				CLANG_WARN_DEPRECATED_OBJC_IMPLEMENTATIONS = YES;
				CLANG_WARN_DIRECT_OBJC_ISA_USAGE = YES_ERROR;
				CLANG_WARN_DOCUMENTATION_COMMENTS = YES;
				CLANG_WARN_EMPTY_BODY = YES;
				CLANG_WARN_ENUM_CONVERSION = YES;
				CLANG_WARN_INFINITE_RECURSION = YES;
				CLANG_WARN_INT_CONVERSION = YES;
				CLANG_WARN_NON_LITERAL_NULL_CONVERSION = YES;
				CLANG_WARN_OBJC_IMPLICIT_RETAIN_SELF = YES;
				CLANG_WARN_OBJC_LITERAL_CONVERSION = YES;
				CLANG_WARN_OBJC_ROOT_CLASS = YES_ERROR;
				CLANG_WARN_QUOTED_INCLUDE_IN_FRAMEWORK_HEADER = YES;
				CLANG_WARN_RANGE_LOOP_ANALYSIS = YES;
				CLANG_WARN_STRICT_PROTOTYPES = YES;
				CLANG_WARN_SUSPICIOUS_MOVE = YES;
				CLANG_WARN_UNGUARDED_AVAILABILITY = YES_AGGRESSIVE;
				CLANG_WARN_UNREACHABLE_CODE = YES;
				CLANG_WARN__DUPLICATE_METHOD_MATCH = YES;
				COPY_PHASE_STRIP = NO;
				DEBUG_INFORMATION_FORMAT = dwarf;
				DEVELOPMENT_TEAM = 3WZ7N6387Y;
				ENABLE_STRICT_OBJC_MSGSEND = YES;
				ENABLE_TESTABILITY = YES;
				ENABLE_USER_SCRIPT_SANDBOXING = YES;
				GCC_C_LANGUAGE_STANDARD = gnu17;
				GCC_DYNAMIC_NO_PIC = NO;
				GCC_NO_COMMON_BLOCKS = YES;
				GCC_OPTIMIZATION_LEVEL = 0;
				GCC_PREPROCESSOR_DEFINITIONS = (
					"DEBUG=1",
					"$(inherited)",
				);
				GCC_WARN_64_TO_32_BIT_CONVERSION = YES;
				GCC_WARN_ABOUT_RETURN_TYPE = YES_ERROR;
				GCC_WARN_UNDECLARED_SELECTOR = YES;
				GCC_WARN_UNINITIALIZED_AUTOS = YES_AGGRESSIVE;
				GCC_WARN_UNUSED_FUNCTION = YES;
				GCC_WARN_UNUSED_VARIABLE = YES;
				IPHONEOS_DEPLOYMENT_TARGET = 26.5;
				LOCALIZATION_PREFERS_STRING_CATALOGS = YES;
				MTL_ENABLE_DEBUG_INFO = INCLUDE_SOURCE;
				MTL_FAST_MATH = YES;
				ONLY_ACTIVE_ARCH = YES;
				SDKROOT = iphoneos;
				SWIFT_ACTIVE_COMPILATION_CONDITIONS = "DEBUG $(inherited)";
				SWIFT_OPTIMIZATION_LEVEL = "-Onone";
			};
			name = Debug;
		};
		579FBA90302DCE4F00EB6407 /* Release */ = {
			isa = XCBuildConfiguration;
			buildSettings = {
				ALWAYS_SEARCH_USER_PATHS = NO;
				ASSETCATALOG_COMPILER_GENERATE_SWIFT_ASSET_SYMBOL_EXTENSIONS = YES;
				CLANG_ANALYZER_NONNULL = YES;
				CLANG_ANALYZER_NUMBER_OBJECT_CONVERSION = YES_AGGRESSIVE;
				CLANG_CXX_LANGUAGE_STANDARD = "gnu++20";
				CLANG_ENABLE_MODULES = YES;
				CLANG_ENABLE_OBJC_ARC = YES;
				CLANG_ENABLE_OBJC_WEAK = YES;
				CLANG_WARN_BLOCK_CAPTURE_AUTORELEASING = YES;
				CLANG_WARN_BOOL_CONVERSION = YES;
				CLANG_WARN_COMMA = YES;
				CLANG_WARN_CONSTANT_CONVERSION = YES;
				CLANG_WARN_DEPRECATED_OBJC_IMPLEMENTATIONS = YES;
				CLANG_WARN_DIRECT_OBJC_ISA_USAGE = YES_ERROR;
				CLANG_WARN_DOCUMENTATION_COMMENTS = YES;
				CLANG_WARN_EMPTY_BODY = YES;
				CLANG_WARN_ENUM_CONVERSION = YES;
				CLANG_WARN_INFINITE_RECURSION = YES;
				CLANG_WARN_INT_CONVERSION = YES;
				CLANG_WARN_NON_LITERAL_NULL_CONVERSION = YES;
				CLANG_WARN_OBJC_IMPLICIT_RETAIN_SELF = YES;
				CLANG_WARN_OBJC_LITERAL_CONVERSION = YES;
				CLANG_WARN_OBJC_ROOT_CLASS = YES_ERROR;
				CLANG_WARN_QUOTED_INCLUDE_IN_FRAMEWORK_HEADER = YES;
				CLANG_WARN_RANGE_LOOP_ANALYSIS = YES;
				CLANG_WARN_STRICT_PROTOTYPES = YES;
				CLANG_WARN_SUSPICIOUS_MOVE = YES;
				CLANG_WARN_UNGUARDED_AVAILABILITY = YES_AGGRESSIVE;
				CLANG_WARN_UNREACHABLE_CODE = YES;
				CLANG_WARN__DUPLICATE_METHOD_MATCH = YES;
				COPY_PHASE_STRIP = NO;
				DEBUG_INFORMATION_FORMAT = "dwarf-with-dsym";
				DEVELOPMENT_TEAM = 3WZ7N6387Y;
				ENABLE_NS_ASSERTIONS = NO;
				ENABLE_STRICT_OBJC_MSGSEND = YES;
				ENABLE_USER_SCRIPT_SANDBOXING = YES;
				GCC_C_LANGUAGE_STANDARD = gnu17;
				GCC_NO_COMMON_BLOCKS = YES;
				GCC_WARN_64_TO_32_BIT_CONVERSION = YES;
				GCC_WARN_ABOUT_RETURN_TYPE = YES_ERROR;
				GCC_WARN_UNDECLARED_SELECTOR = YES;
				GCC_WARN_UNINITIALIZED_AUTOS = YES_AGGRESSIVE;
				GCC_WARN_UNUSED_FUNCTION = YES;
				GCC_WARN_UNUSED_VARIABLE = YES;
				IPHONEOS_DEPLOYMENT_TARGET = 26.5;
				LOCALIZATION_PREFERS_STRING_CATALOGS = YES;
				MTL_ENABLE_DEBUG_INFO = NO;
				MTL_FAST_MATH = YES;
				SDKROOT = iphoneos;
				SWIFT_COMPILATION_MODE = wholemodule;
				VALIDATE_PRODUCT = YES;
			};
			name = Release;
		};
/* End XCBuildConfiguration section */

/* Begin XCConfigurationList section */
		579FBA74302DCE4D00EB6407 /* Build configuration list for PBXProject "expensio" */ = {
			isa = XCConfigurationList;
			buildConfigurations = (
				579FBA8F302DCE4F00EB6407 /* Debug */,
				579FBA90302DCE4F00EB6407 /* Release */,
			);
			defaultConfigurationIsVisible = 0;
			defaultConfigurationName = Release;
		};
		579FBA8C302DCE4F00EB6407 /* Build configuration list for PBXNativeTarget "expensio" */ = {
			isa = XCConfigurationList;
			buildConfigurations = (
				579FBA8D302DCE4F00EB6407 /* Debug */,
				579FBA8E302DCE4F00EB6407 /* Release */,
			);
			defaultConfigurationIsVisible = 0;
			defaultConfigurationName = Release;
		};
/* End XCConfigurationList section */

/* Begin XCRemoteSwiftPackageReference section */
		57CC47BD3030C9EB00BABA59 /* XCRemoteSwiftPackageReference "firebase-ios-sdk" */ = {
			isa = XCRemoteSwiftPackageReference;
			repositoryURL = "https://github.com/firebase/firebase-ios-sdk";
			requirement = {
				kind = upToNextMajorVersion;
				minimumVersion = 12.17.0;
			};
		};
/* End XCRemoteSwiftPackageReference section */

/* Begin XCSwiftPackageProductDependency section */
		57CC47BF3030CD5C00BABA59 /* FirebaseCore */ = {
			isa = XCSwiftPackageProductDependency;
			package = 57CC47BD3030C9EB00BABA59 /* XCRemoteSwiftPackageReference "firebase-ios-sdk" */;
			productName = FirebaseCore;
		};
		57CC47C13030CD6A00BABA59 /* FirebaseAuth */ = {
			isa = XCSwiftPackageProductDependency;
			package = 57CC47BD3030C9EB00BABA59 /* XCRemoteSwiftPackageReference "firebase-ios-sdk" */;
			productName = FirebaseAuth;
		};
		57CC47C33030CDA700BABA59 /* FirebaseFirestore */ = {
			isa = XCSwiftPackageProductDependency;
			package = 57CC47BD3030C9EB00BABA59 /* XCRemoteSwiftPackageReference "firebase-ios-sdk" */;
			productName = FirebaseFirestore;
		};
		57CC47C53030CDAE00BABA59 /* FirebaseDatabase */ = {
			isa = XCSwiftPackageProductDependency;
			package = 57CC47BD3030C9EB00BABA59 /* XCRemoteSwiftPackageReference "firebase-ios-sdk" */;
			productName = FirebaseDatabase;
		};
		57CC47C73030CDBD00BABA59 /* FirebaseAnalytics */ = {
			isa = XCSwiftPackageProductDependency;
			package = 57CC47BD3030C9EB00BABA59 /* XCRemoteSwiftPackageReference "firebase-ios-sdk" */;
			productName = FirebaseAnalytics;
		};
		57CC47C93030CDCE00BABA59 /* FirebaseCrashlytics */ = {
			isa = XCSwiftPackageProductDependency;
			package = 57CC47BD3030C9EB00BABA59 /* XCRemoteSwiftPackageReference "firebase-ios-sdk" */;
			productName = FirebaseCrashlytics;
		};
		57CC47CB3030CDD800BABA59 /* FirebaseMessaging */ = {
			isa = XCSwiftPackageProductDependency;
			package = 57CC47BD3030C9EB00BABA59 /* XCRemoteSwiftPackageReference "firebase-ios-sdk" */;
			productName = FirebaseMessaging;
		};
/* End XCSwiftPackageProductDependency section */
	};
	rootObject = 579FBA71302DCE4D00EB6407 /* Project object */;
}
